
Microsoft Visual Studio Solution File, Format Version 12.00
# Visual Studio Version 16
VisualStudioVersion = 16.0.29201.188
MinimumVisualStudioVersion = 10.0.40219.1
Project("{9A19103F-16F7-4668-BE54-9A1E7A4F7556}") = "ShoppingApp.API", "ShoppingApp.API.csproj", "{218205A2-2043-407A-8546-49C52669981B}"
EndProject
Project("{FAE04EC0-301F-11D3-BF4B-00C04F79EFBC}") = "ShoppingApp.Library", "..\ShoppingApp.Library\ShoppingApp.Library.csproj", "{31ABDF04-3BBE-4C00-866E-DDF6A48ADFC9}"
EndProject
Global
	GlobalSection(SolutionConfigurationPlatforms) = preSolution
		Debug|Any CPU = Debug|Any CPU
		Release|Any CPU = Release|Any CPU
	EndGlobalSection
	GlobalSection(ProjectConfigurationPlatforms) = postSolution
		{218205A2-2043-407A-8546-49C52669981B}.Debug|Any CPU.ActiveCfg = Debug|Any CPU
		{218205A2-2043-407A-8546-49C52669981B}.Debug|Any CPU.Build.0 = Debug|Any CPU
		{218205A2-2043-407A-8546-49C52669981B}.Release|Any CPU.ActiveCfg = Release|Any CPU
		{218205A2-2043-407A-8546-49C52669981B}.Release|Any CPU.Build.0 = Release|Any CPU
		{31ABDF04-3BBE-4C00-866E-DDF6A48ADFC9}.Debug|Any CPU.ActiveCfg = Debug|Any CPU
		{31ABDF04-3BBE-4C00-866E-DDF6A48ADFC9}.Debug|Any CPU.Build.0 = Debug|Any CPU
		{31ABDF04-3BBE-4C00-866E-DDF6A48ADFC9}.Release|Any CPU.ActiveCfg = Release|Any CPU
		{31ABDF04-3BBE-4C00-866E-DDF6A48ADFC9}.Release|Any CPU.Build.0 = Release|Any CPU
	EndGlobalSection
	GlobalSection(SolutionProperties) = preSolution
		HideSolutionNode = FALSE
	EndGlobalSection
	GlobalSection(ExtensibilityGlobals) = postSolution
		SolutionGuid = {7E61B464-FAF5-4514-9685-7C4EBB65A134}
	EndGlobalSection
EndGlobal
